{
  "requires": true,
  "lockfileVersion": 1,
  "dependencies": {
    "hexo-theme-webstack": {
      "version": "2.1.1",
      "resolved": "https://registry.npmjs.org/hexo-theme-webstack/-/hexo-theme-webstack-2.1.1.tgz",
      "integrity": "sha512-6myH/tjHm5Ofanf1m182KZ0KbUHuwwo+NRpYXX/kCXlY4731LB///rfni9bx+Uulk9/1RwbaJeXTGyJZdN36xA=="
    }
  }
}
